<?xml version="1.0" encoding="utf-8"?>
<Project ToolsVersion="4.0" xmlns="http://schemas.microsoft.com/developer/msbuild/2003">
  <ItemGroup>
    <Filter Include="File di origine">
      <UniqueIdentifier>{4acc36bf-f571-4620-8817-665e78a3c625}</UniqueIdentifier>
    </Filter>
    <Filter Include="File di intestazione">
      <UniqueIdentifier>{4787a022-95c6-4362-8af2-dff9b0162c57}</UniqueIdentifier>
    </Filter>
  </ItemGroup>
  <ItemGroup>
    <CudaCompile Include="1_naive.cu">
      <Filter>File di origine</Filter>
    </CudaCompile>
    <CudaCompile Include="2_optimized_warp_divergence.cu">
      <Filter>File di origine</Filter>
    </CudaCompile>
    <CudaCompile Include="3_sharedmem.cu">
      <Filter>File di origine</Filter>
    </CudaCompile>
    <CudaCompile Include="4_interaction_particles.cu">
      <Filter>File di origine</Filter>
    </CudaCompile>
  </ItemGroup>
  <ItemGroup>
    <ClCompile Include="glad.c">
      <Filter>File di origine</Filter>
    </ClCompile>
  </ItemGroup>
  <ItemGroup>
    <None Include="packages.config" />
  </ItemGroup>
  <ItemGroup>
    <ClInclude Include="fast_math.cuh">
      <Filter>File di origine</Filter>
    </ClInclude>
  </ItemGroup>
</Project>